
Microsoft Visual Studio Solution File, Format Version 12.00
# Visual Studio Version 17
VisualStudioVersion = 17.8.34330.188
MinimumVisualStudioVersion = 10.0.40219.1
Project("{FAE04EC0-301F-11D3-BF4B-00C04F79EFBC}") = "SelStatementsDemoCSharp-43", "SelStatementsDemoCSharp-43\SelStatementsDemoCSharp-43.csproj", "{1B094F8E-EF65-40DF-AE41-53FFF24214CF}"
EndProject
Global
	GlobalSection(SolutionConfigurationPlatforms) = preSolution
		Debug|Any CPU = Debug|Any CPU
		Release|Any CPU = Release|Any CPU
	EndGlobalSection
	GlobalSection(ProjectConfigurationPlatforms) = postSolution
		{1B094F8E-EF65-40DF-AE41-53FFF24214CF}.Debug|Any CPU.ActiveCfg = Debug|Any CPU
		{1B094F8E-EF65-40DF-AE41-53FFF24214CF}.Debug|Any CPU.Build.0 = Debug|Any CPU
		{1B094F8E-EF65-40DF-AE41-53FFF24214CF}.Release|Any CPU.ActiveCfg = Release|Any CPU
		{1B094F8E-EF65-40DF-AE41-53FFF24214CF}.Release|Any CPU.Build.0 = Release|Any CPU
	EndGlobalSection
	GlobalSection(SolutionProperties) = preSolution
		HideSolutionNode = FALSE
	EndGlobalSection
	GlobalSection(ExtensibilityGlobals) = postSolution
		SolutionGuid = {1EAE87DE-F798-452E-BFDB-C8D165C5F246}
	EndGlobalSection
EndGlobal
